
Microsoft Visual Studio Solution File, Format Version 12.00
# Visual Studio 15
VisualStudioVersion = 15.0.27004.2006
MinimumVisualStudioVersion = 10.0.40219.1
Project("{FAE04EC0-301F-11D3-BF4B-00C04F79EFBC}") = "RomanConverter", "RomanConverter\RomanConverter.csproj", "{757587FD-7798-412D-A14A-B52E9E620070}"
EndProject
Project("{FAE04EC0-301F-11D3-BF4B-00C04F79EFBC}") = "RomanConverterUnitTest", "RomanConverterUnitTest\RomanConverterUnitTest.csproj", "{32B337F0-2B44-4233-9F1F-8923A88CC36C}"
EndProject
Global
	GlobalSection(SolutionConfigurationPlatforms) = preSolution
		Debug|Any CPU = Debug|Any CPU
		Release|Any CPU = Release|Any CPU
	EndGlobalSection
	GlobalSection(ProjectConfigurationPlatforms) = postSolution
		{757587FD-7798-412D-A14A-B52E9E620070}.Debug|Any CPU.ActiveCfg = Debug|Any CPU
		{757587FD-7798-412D-A14A-B52E9E620070}.Debug|Any CPU.Build.0 = Debug|Any CPU
		{757587FD-7798-412D-A14A-B52E9E620070}.Release|Any CPU.ActiveCfg = Release|Any CPU
		{757587FD-7798-412D-A14A-B52E9E620070}.Release|Any CPU.Build.0 = Release|Any CPU
		{32B337F0-2B44-4233-9F1F-8923A88CC36C}.Debug|Any CPU.ActiveCfg = Debug|Any CPU
		{32B337F0-2B44-4233-9F1F-8923A88CC36C}.Debug|Any CPU.Build.0 = Debug|Any CPU
		{32B337F0-2B44-4233-9F1F-8923A88CC36C}.Release|Any CPU.ActiveCfg = Release|Any CPU
		{32B337F0-2B44-4233-9F1F-8923A88CC36C}.Release|Any CPU.Build.0 = Release|Any CPU
	EndGlobalSection
	GlobalSection(SolutionProperties) = preSolution
		HideSolutionNode = FALSE
	EndGlobalSection
	GlobalSection(ExtensibilityGlobals) = postSolution
		SolutionGuid = {689822A6-EFA2-4783-BBAB-E2C54AF113C3}
	EndGlobalSection
EndGlobal
